
Microsoft Visual Studio Solution File, Format Version 12.00
# Visual Studio Version 17
VisualStudioVersion = 17.10.34928.147
MinimumVisualStudioVersion = 10.0.40219.1
Project("{FAE04EC0-301F-11D3-BF4B-00C04F79EFBC}") = "BookClub.API", "BookClub.API\BookClub.API.csproj", "{0F0B9125-BDBE-4A4A-9EBE-2DACCA32E964}"
EndProject
Global
	GlobalSection(SolutionConfigurationPlatforms) = preSolution
		Debug|Any CPU = Debug|Any CPU
		Release|Any CPU = Release|Any CPU
	EndGlobalSection
	GlobalSection(ProjectConfigurationPlatforms) = postSolution
		{0F0B9125-BDBE-4A4A-9EBE-2DACCA32E964}.Debug|Any CPU.ActiveCfg = Debug|Any CPU
		{0F0B9125-BDBE-4A4A-9EBE-2DACCA32E964}.Debug|Any CPU.Build.0 = Debug|Any CPU
		{0F0B9125-BDBE-4A4A-9EBE-2DACCA32E964}.Release|Any CPU.ActiveCfg = Release|Any CPU
		{0F0B9125-BDBE-4A4A-9EBE-2DACCA32E964}.Release|Any CPU.Build.0 = Release|Any CPU
	EndGlobalSection
	GlobalSection(SolutionProperties) = preSolution
		HideSolutionNode = FALSE
	EndGlobalSection
	GlobalSection(ExtensibilityGlobals) = postSolution
		SolutionGuid = {4FF2A54F-3372-4756-8F9A-A8757F87E068}
	EndGlobalSection
EndGlobal
